
Microsoft Visual Studio Solution File, Format Version 12.00
# Visual Studio Version 17
VisualStudioVersion = 17.0.32126.317
MinimumVisualStudioVersion = 10.0.40219.1
Project("{2150E333-8FDC-42A3-9474-1A3956D46DE8}") = "Services", "Services", "{10519C79-3827-412A-8AFC-67D91E27472F}"
EndProject
Project("{2150E333-8FDC-42A3-9474-1A3956D46DE8}") = "Catalog", "Catalog", "{0845F9C7-EBC6-40E0-8FB5-BF6E0C653B33}"
EndProject
Project("{9A19103F-16F7-4668-BE54-9A1E7A4F7556}") = "Catalog.API", "Services\Catalog\Catalog.API\Catalog.API.csproj", "{E644EB71-9521-4741-B47F-4822293861C5}"
EndProject
Project("{E53339B2-1760-4266-BCC7-CA923CBCF16C}") = "docker-compose", "docker-compose.dcproj", "{AD983DBA-A44A-41B1-9255-3B493737387D}"
EndProject
Project("{2150E333-8FDC-42A3-9474-1A3956D46DE8}") = "Basket", "Basket", "{DB66159B-E2F8-4E43-BD23-F02F2AD51E11}"
EndProject
Project("{9A19103F-16F7-4668-BE54-9A1E7A4F7556}") = "Basket.API", "Services\Basket\Basket.API\Basket.API.csproj", "{1681D77C-117A-4132-952B-78F5F90CD847}"
EndProject
Project("{2150E333-8FDC-42A3-9474-1A3956D46DE8}") = "Discount", "Discount", "{8458883D-E5CC-4515-88FF-028A94460D51}"
EndProject
Project("{9A19103F-16F7-4668-BE54-9A1E7A4F7556}") = "Discount.API", "Services\DIscount\Discount.API\Discount.API.csproj", "{30525E29-B162-40E2-BF35-670EE7B9AE29}"
EndProject
Project("{9A19103F-16F7-4668-BE54-9A1E7A4F7556}") = "Discount.Grpc", "Services\DIscount\Discount.Grpc\Discount.Grpc.csproj", "{7CB7708D-BCB4-4153-8195-05D208327044}"
EndProject
Project("{2150E333-8FDC-42A3-9474-1A3956D46DE8}") = "Ordering", "Ordering", "{B5EDD6E7-059C-435B-8DB6-4F1A2BC11CE8}"
EndProject
Project("{FAE04EC0-301F-11D3-BF4B-00C04F79EFBC}") = "Ordering.API", "Services\Ordering\Ordering.API\Ordering.API.csproj", "{5A28531B-CD9F-4DBA-ADA6-40399175986C}"
EndProject
Project("{FAE04EC0-301F-11D3-BF4B-00C04F79EFBC}") = "Ordering.Domain", "Services\Ordering\Ordering.Domain\Ordering.Domain.csproj", "{133CBE22-5012-4A5D-88BC-7DC1F2BB3121}"
EndProject
Project("{FAE04EC0-301F-11D3-BF4B-00C04F79EFBC}") = "Ordering.Application", "Services\Ordering\Ordering.Application\Ordering.Application.csproj", "{9DCB72AC-C2B4-43EE-9C86-63AE3A7ED70C}"
EndProject
Project("{FAE04EC0-301F-11D3-BF4B-00C04F79EFBC}") = "Ordering.Infrastructure", "Services\Ordering\Ordering.Infrastructure\Ordering.Infrastructure.csproj", "{528850DB-2E8A-46C5-A515-6CEED3D37D05}"
EndProject
Global
	GlobalSection(SolutionConfigurationPlatforms) = preSolution
		Debug|Any CPU = Debug|Any CPU
		Release|Any CPU = Release|Any CPU
	EndGlobalSection
	GlobalSection(ProjectConfigurationPlatforms) = postSolution
		{E644EB71-9521-4741-B47F-4822293861C5}.Debug|Any CPU.ActiveCfg = Debug|Any CPU
		{E644EB71-9521-4741-B47F-4822293861C5}.Debug|Any CPU.Build.0 = Debug|Any CPU
		{E644EB71-9521-4741-B47F-4822293861C5}.Release|Any CPU.ActiveCfg = Release|Any CPU
		{E644EB71-9521-4741-B47F-4822293861C5}.Release|Any CPU.Build.0 = Release|Any CPU
		{AD983DBA-A44A-41B1-9255-3B493737387D}.Debug|Any CPU.ActiveCfg = Debug|Any CPU
		{AD983DBA-A44A-41B1-9255-3B493737387D}.Debug|Any CPU.Build.0 = Debug|Any CPU
		{AD983DBA-A44A-41B1-9255-3B493737387D}.Release|Any CPU.ActiveCfg = Release|Any CPU
		{AD983DBA-A44A-41B1-9255-3B493737387D}.Release|Any CPU.Build.0 = Release|Any CPU
		{1681D77C-117A-4132-952B-78F5F90CD847}.Debug|Any CPU.ActiveCfg = Debug|Any CPU
		{1681D77C-117A-4132-952B-78F5F90CD847}.Debug|Any CPU.Build.0 = Debug|Any CPU
		{1681D77C-117A-4132-952B-78F5F90CD847}.Release|Any CPU.ActiveCfg = Release|Any CPU
		{1681D77C-117A-4132-952B-78F5F90CD847}.Release|Any CPU.Build.0 = Release|Any CPU
		{30525E29-B162-40E2-BF35-670EE7B9AE29}.Debug|Any CPU.ActiveCfg = Debug|Any CPU
		{30525E29-B162-40E2-BF35-670EE7B9AE29}.Debug|Any CPU.Build.0 = Debug|Any CPU
		{30525E29-B162-40E2-BF35-670EE7B9AE29}.Release|Any CPU.ActiveCfg = Release|Any CPU
		{30525E29-B162-40E2-BF35-670EE7B9AE29}.Release|Any CPU.Build.0 = Release|Any CPU
		{7CB7708D-BCB4-4153-8195-05D208327044}.Debug|Any CPU.ActiveCfg = Debug|Any CPU
		{7CB7708D-BCB4-4153-8195-05D208327044}.Debug|Any CPU.Build.0 = Debug|Any CPU
		{7CB7708D-BCB4-4153-8195-05D208327044}.Release|Any CPU.ActiveCfg = Release|Any CPU
		{7CB7708D-BCB4-4153-8195-05D208327044}.Release|Any CPU.Build.0 = Release|Any CPU
		{5A28531B-CD9F-4DBA-ADA6-40399175986C}.Debug|Any CPU.ActiveCfg = Debug|Any CPU
		{5A28531B-CD9F-4DBA-ADA6-40399175986C}.Debug|Any CPU.Build.0 = Debug|Any CPU
		{5A28531B-CD9F-4DBA-ADA6-40399175986C}.Release|Any CPU.ActiveCfg = Release|Any CPU
		{5A28531B-CD9F-4DBA-ADA6-40399175986C}.Release|Any CPU.Build.0 = Release|Any CPU
		{133CBE22-5012-4A5D-88BC-7DC1F2BB3121}.Debug|Any CPU.ActiveCfg = Debug|Any CPU
		{133CBE22-5012-4A5D-88BC-7DC1F2BB3121}.Debug|Any CPU.Build.0 = Debug|Any CPU
		{133CBE22-5012-4A5D-88BC-7DC1F2BB3121}.Release|Any CPU.ActiveCfg = Release|Any CPU
		{133CBE22-5012-4A5D-88BC-7DC1F2BB3121}.Release|Any CPU.Build.0 = Release|Any CPU
		{9DCB72AC-C2B4-43EE-9C86-63AE3A7ED70C}.Debug|Any CPU.ActiveCfg = Debug|Any CPU
		{9DCB72AC-C2B4-43EE-9C86-63AE3A7ED70C}.Debug|Any CPU.Build.0 = Debug|Any CPU
		{9DCB72AC-C2B4-43EE-9C86-63AE3A7ED70C}.Release|Any CPU.ActiveCfg = Release|Any CPU
		{9DCB72AC-C2B4-43EE-9C86-63AE3A7ED70C}.Release|Any CPU.Build.0 = Release|Any CPU
		{528850DB-2E8A-46C5-A515-6CEED3D37D05}.Debug|Any CPU.ActiveCfg = Debug|Any CPU
		{528850DB-2E8A-46C5-A515-6CEED3D37D05}.Debug|Any CPU.Build.0 = Debug|Any CPU
		{528850DB-2E8A-46C5-A515-6CEED3D37D05}.Release|Any CPU.ActiveCfg = Release|Any CPU
		{528850DB-2E8A-46C5-A515-6CEED3D37D05}.Release|Any CPU.Build.0 = Release|Any CPU
	EndGlobalSection
	GlobalSection(SolutionProperties) = preSolution
		HideSolutionNode = FALSE
	EndGlobalSection
	GlobalSection(NestedProjects) = preSolution
		{0845F9C7-EBC6-40E0-8FB5-BF6E0C653B33} = {10519C79-3827-412A-8AFC-67D91E27472F}
		{E644EB71-9521-4741-B47F-4822293861C5} = {0845F9C7-EBC6-40E0-8FB5-BF6E0C653B33}
		{DB66159B-E2F8-4E43-BD23-F02F2AD51E11} = {10519C79-3827-412A-8AFC-67D91E27472F}
		{1681D77C-117A-4132-952B-78F5F90CD847} = {DB66159B-E2F8-4E43-BD23-F02F2AD51E11}
		{8458883D-E5CC-4515-88FF-028A94460D51} = {10519C79-3827-412A-8AFC-67D91E27472F}
		{30525E29-B162-40E2-BF35-670EE7B9AE29} = {8458883D-E5CC-4515-88FF-028A94460D51}
		{7CB7708D-BCB4-4153-8195-05D208327044} = {8458883D-E5CC-4515-88FF-028A94460D51}
		{B5EDD6E7-059C-435B-8DB6-4F1A2BC11CE8} = {10519C79-3827-412A-8AFC-67D91E27472F}
		{5A28531B-CD9F-4DBA-ADA6-40399175986C} = {B5EDD6E7-059C-435B-8DB6-4F1A2BC11CE8}
		{133CBE22-5012-4A5D-88BC-7DC1F2BB3121} = {B5EDD6E7-059C-435B-8DB6-4F1A2BC11CE8}
		{9DCB72AC-C2B4-43EE-9C86-63AE3A7ED70C} = {B5EDD6E7-059C-435B-8DB6-4F1A2BC11CE8}
		{528850DB-2E8A-46C5-A515-6CEED3D37D05} = {B5EDD6E7-059C-435B-8DB6-4F1A2BC11CE8}
	EndGlobalSection
	GlobalSection(ExtensibilityGlobals) = postSolution
		SolutionGuid = {C3412D6E-55CF-4A42-A03A-3FE9F734682B}
	EndGlobalSection
EndGlobal
